
Microsoft Visual Studio Solution File, Format Version 12.00
# Visual Studio Version 17
VisualStudioVersion = 17.2.32616.157
MinimumVisualStudioVersion = 10.0.40219.1
Project("{FAE04EC0-301F-11D3-BF4B-00C04F79EFBC}") = "FourInARow", "FourInARow.csproj", "{872CFDC8-9ACE-4713-B539-E38140E0C1BE}"
EndProject
Project("{FAE04EC0-301F-11D3-BF4B-00C04F79EFBC}") = "FourInARowModel", "..\FourInARowModel\FourInARowModel.csproj", "{13F4D315-0FF4-43A3-96D4-EC5C1E43E386}"
EndProject
Global
	GlobalSection(SolutionConfigurationPlatforms) = preSolution
		Debug|Any CPU = Debug|Any CPU
		Release|Any CPU = Release|Any CPU
	EndGlobalSection
	GlobalSection(ProjectConfigurationPlatforms) = postSolution
		{872CFDC8-9ACE-4713-B539-E38140E0C1BE}.Debug|Any CPU.ActiveCfg = Debug|Any CPU
		{872CFDC8-9ACE-4713-B539-E38140E0C1BE}.Debug|Any CPU.Build.0 = Debug|Any CPU
		{872CFDC8-9ACE-4713-B539-E38140E0C1BE}.Release|Any CPU.ActiveCfg = Release|Any CPU
		{872CFDC8-9ACE-4713-B539-E38140E0C1BE}.Release|Any CPU.Build.0 = Release|Any CPU
		{13F4D315-0FF4-43A3-96D4-EC5C1E43E386}.Debug|Any CPU.ActiveCfg = Debug|Any CPU
		{13F4D315-0FF4-43A3-96D4-EC5C1E43E386}.Debug|Any CPU.Build.0 = Debug|Any CPU
		{13F4D315-0FF4-43A3-96D4-EC5C1E43E386}.Release|Any CPU.ActiveCfg = Release|Any CPU
		{13F4D315-0FF4-43A3-96D4-EC5C1E43E386}.Release|Any CPU.Build.0 = Release|Any CPU
	EndGlobalSection
	GlobalSection(SolutionProperties) = preSolution
		HideSolutionNode = FALSE
	EndGlobalSection
	GlobalSection(ExtensibilityGlobals) = postSolution
		SolutionGuid = {55A50DC2-28E6-4E94-AC7E-5028AA1B2124}
	EndGlobalSection
EndGlobal
